
Microsoft Visual Studio Solution File, Format Version 12.00
# Visual Studio 15
VisualStudioVersion = 15.0.26730.3
MinimumVisualStudioVersion = 10.0.40219.1
Project("{FAE04EC0-301F-11D3-BF4B-00C04F79EFBC}") = "jenkins_test", "jenkins_test\jenkins_test.csproj", "{A8AD4DB7-9890-44B3-A3AB-150442A4975F}"
EndProject
Project("{FAE04EC0-301F-11D3-BF4B-00C04F79EFBC}") = "jenkins_test_unittests", "jenkins_test_unittests\jenkins_test_unittests.csproj", "{1953173B-F6B2-41FF-83ED-6429CF64A01B}"
EndProject
Project("{2150E333-8FDC-42A3-9474-1A3956D46DE8}") = "build", "build", "{A176D800-5630-4C19-9F95-57FDEBB618FF}"
EndProject
Global
	GlobalSection(SolutionConfigurationPlatforms) = preSolution
		Debug|Any CPU = Debug|Any CPU
		Release|Any CPU = Release|Any CPU
	EndGlobalSection
	GlobalSection(ProjectConfigurationPlatforms) = postSolution
		{A8AD4DB7-9890-44B3-A3AB-150442A4975F}.Debug|Any CPU.ActiveCfg = Debug|Any CPU
		{A8AD4DB7-9890-44B3-A3AB-150442A4975F}.Debug|Any CPU.Build.0 = Debug|Any CPU
		{A8AD4DB7-9890-44B3-A3AB-150442A4975F}.Release|Any CPU.ActiveCfg = Release|Any CPU
		{A8AD4DB7-9890-44B3-A3AB-150442A4975F}.Release|Any CPU.Build.0 = Release|Any CPU
		{1953173B-F6B2-41FF-83ED-6429CF64A01B}.Debug|Any CPU.ActiveCfg = Debug|Any CPU
		{1953173B-F6B2-41FF-83ED-6429CF64A01B}.Debug|Any CPU.Build.0 = Debug|Any CPU
		{1953173B-F6B2-41FF-83ED-6429CF64A01B}.Release|Any CPU.ActiveCfg = Release|Any CPU
		{1953173B-F6B2-41FF-83ED-6429CF64A01B}.Release|Any CPU.Build.0 = Release|Any CPU
	EndGlobalSection
	GlobalSection(SolutionProperties) = preSolution
		HideSolutionNode = FALSE
	EndGlobalSection
	GlobalSection(ExtensibilityGlobals) = postSolution
		SolutionGuid = {A3486CC0-8897-40D0-8B1A-CD2FC1AFF492}
	EndGlobalSection
EndGlobal
