
Microsoft Visual Studio Solution File, Format Version 12.00
# Visual Studio 15
VisualStudioVersion = 15.0.26730.3
MinimumVisualStudioVersion = 10.0.40219.1
Project("{2150E333-8FDC-42A3-9474-1A3956D46DE8}") = "build", "build", "{A176D800-5630-4C19-9F95-57FDEBB618FF}"
	ProjectSection(SolutionItems) = preProject
		build\build.ps1 = build\build.ps1
		build\jenkinsfile = build\jenkinsfile
		build\test.ps1 = build\test.ps1
	EndProjectSection
EndProject
Project("{2150E333-8FDC-42A3-9474-1A3956D46DE8}") = "src", "src", "{771F5807-D2B7-47A9-8960-964A3C685658}"
EndProject
Project("{2150E333-8FDC-42A3-9474-1A3956D46DE8}") = "test", "test", "{0E797AB9-5EF5-4455-B9ED-E2873FDAE54E}"
EndProject
Project("{9A19103F-16F7-4668-BE54-9A1E7A4F7556}") = "jenkins_test", "src\jenkins_test\jenkins_test.csproj", "{9704A2FD-55BB-441B-8277-32D43C1928A2}"
EndProject
Project("{9A19103F-16F7-4668-BE54-9A1E7A4F7556}") = "jenkins_test_unittests", "test\jenkins_test_unittests\jenkins_test_unittests.csproj", "{A5E459DB-085C-4BD7-87EC-14821BF66FBB}"
EndProject
Global
	GlobalSection(SolutionConfigurationPlatforms) = preSolution
		Debug|Any CPU = Debug|Any CPU
		Release|Any CPU = Release|Any CPU
	EndGlobalSection
	GlobalSection(ProjectConfigurationPlatforms) = postSolution
		{9704A2FD-55BB-441B-8277-32D43C1928A2}.Debug|Any CPU.ActiveCfg = Debug|Any CPU
		{9704A2FD-55BB-441B-8277-32D43C1928A2}.Debug|Any CPU.Build.0 = Debug|Any CPU
		{9704A2FD-55BB-441B-8277-32D43C1928A2}.Release|Any CPU.ActiveCfg = Release|Any CPU
		{9704A2FD-55BB-441B-8277-32D43C1928A2}.Release|Any CPU.Build.0 = Release|Any CPU
		{A5E459DB-085C-4BD7-87EC-14821BF66FBB}.Debug|Any CPU.ActiveCfg = Debug|Any CPU
		{A5E459DB-085C-4BD7-87EC-14821BF66FBB}.Debug|Any CPU.Build.0 = Debug|Any CPU
		{A5E459DB-085C-4BD7-87EC-14821BF66FBB}.Release|Any CPU.ActiveCfg = Release|Any CPU
		{A5E459DB-085C-4BD7-87EC-14821BF66FBB}.Release|Any CPU.Build.0 = Release|Any CPU
	EndGlobalSection
	GlobalSection(SolutionProperties) = preSolution
		HideSolutionNode = FALSE
	EndGlobalSection
	GlobalSection(NestedProjects) = preSolution
		{9704A2FD-55BB-441B-8277-32D43C1928A2} = {771F5807-D2B7-47A9-8960-964A3C685658}
		{A5E459DB-085C-4BD7-87EC-14821BF66FBB} = {0E797AB9-5EF5-4455-B9ED-E2873FDAE54E}
	EndGlobalSection
	GlobalSection(ExtensibilityGlobals) = postSolution
		SolutionGuid = {A3486CC0-8897-40D0-8B1A-CD2FC1AFF492}
	EndGlobalSection
EndGlobal
